
Microsoft Visual Studio Solution File, Format Version 12.00
# Visual Studio Version 16
VisualStudioVersion = 16.0.32002.261
MinimumVisualStudioVersion = 10.0.40219.1
Project("{FAE04EC0-301F-11D3-BF4B-00C04F79EFBC}") = "WindowsFormsApp4", "WindowsFormsApp4\WindowsFormsApp4.csproj", "{AB760E19-99AF-42A9-A60B-26427FA3E1BE}"
EndProject
Global
	GlobalSection(SolutionConfigurationPlatforms) = preSolution
		Debug|Any CPU = Debug|Any CPU
		Release|Any CPU = Release|Any CPU
	EndGlobalSection
	GlobalSection(ProjectConfigurationPlatforms) = postSolution
		{AB760E19-99AF-42A9-A60B-26427FA3E1BE}.Debug|Any CPU.ActiveCfg = Debug|Any CPU
		{AB760E19-99AF-42A9-A60B-26427FA3E1BE}.Debug|Any CPU.Build.0 = Debug|Any CPU
		{AB760E19-99AF-42A9-A60B-26427FA3E1BE}.Release|Any CPU.ActiveCfg = Release|Any CPU
		{AB760E19-99AF-42A9-A60B-26427FA3E1BE}.Release|Any CPU.Build.0 = Release|Any CPU
	EndGlobalSection
	GlobalSection(SolutionProperties) = preSolution
		HideSolutionNode = FALSE
	EndGlobalSection
	GlobalSection(ExtensibilityGlobals) = postSolution
		SolutionGuid = {28D1CD3F-F624-4C0C-A841-BB43EADD642D}
	EndGlobalSection
EndGlobal
