
Microsoft Visual Studio Solution File, Format Version 12.00
# Visual Studio Version 16
VisualStudioVersion = 16.0.32002.261
MinimumVisualStudioVersion = 10.0.40219.1
Project("{FAE04EC0-301F-11D3-BF4B-00C04F79EFBC}") = "WindowsFormsApp1", "WindowsFormsApp1\WindowsFormsApp1.csproj", "{DB784EB3-43E5-4775-837F-0AF69B831D4A}"
EndProject
Global
	GlobalSection(SolutionConfigurationPlatforms) = preSolution
		Debug|Any CPU = Debug|Any CPU
		Release|Any CPU = Release|Any CPU
	EndGlobalSection
	GlobalSection(ProjectConfigurationPlatforms) = postSolution
		{DB784EB3-43E5-4775-837F-0AF69B831D4A}.Debug|Any CPU.ActiveCfg = Debug|Any CPU
		{DB784EB3-43E5-4775-837F-0AF69B831D4A}.Debug|Any CPU.Build.0 = Debug|Any CPU
		{DB784EB3-43E5-4775-837F-0AF69B831D4A}.Release|Any CPU.ActiveCfg = Release|Any CPU
		{DB784EB3-43E5-4775-837F-0AF69B831D4A}.Release|Any CPU.Build.0 = Release|Any CPU
	EndGlobalSection
	GlobalSection(SolutionProperties) = preSolution
		HideSolutionNode = FALSE
	EndGlobalSection
	GlobalSection(ExtensibilityGlobals) = postSolution
		SolutionGuid = {EEEF3064-B448-49EC-B0E7-D206C17F5CC7}
	EndGlobalSection
EndGlobal
